<?xml version="1.0" encoding="UTF-8"?>
<CodeBlocks_project_file>
	<FileVersion major="1" minor="6"/>
	<Project>
		<Option title="RPG"/>
		<Option makefile_is_custom="1"/>
		<Option compiler="clang"/>
		<Option virtualFolders="CMake Files\;CMake Files\src\;CMake Files\src\Components\;CMake Files\src\Debug\;CMake Files\src\Game\;CMake Files\src\Graphics\;CMake Files\src\Input\;CMake Files\src\Maps\;CMake Files\src\Objects\;CMake Files\src\Objects\Components\;CMake Files\src\Objects\unit_control\;CMake Files\src\Objects\equip_unit\;CMake Files\src\Sounds\;CMake Files\src\SQLite\;CMake Files\src\UI\;CMake Files\src\Utils\;CMake Files\src\Video\;CMake Files\src\Audio\;CMake Files\src\Spells\;"/>
		<Build>
			<Target title="all">
				<Option working_dir="/home/nathanial/Workspace/RPG"/>
				<Option type="4"/>
				<MakeCommands>
					<Build command="/usr/bin/gmake -j8 -f &quot;/home/nathanial/Workspace/RPG/Makefile&quot;  VERBOSE=1 all"/>
					<CompileFile command="/usr/bin/gmake -j8 -f &quot;/home/nathanial/Workspace/RPG/Makefile&quot;  VERBOSE=1 &quot;$file&quot;"/>
					<Clean command="/usr/bin/gmake -j8 -f &quot;/home/nathanial/Workspace/RPG/Makefile&quot;  VERBOSE=1 clean"/>
					<DistClean command="/usr/bin/gmake -j8 -f &quot;/home/nathanial/Workspace/RPG/Makefile&quot;  VERBOSE=1 clean"/>
				</MakeCommands>
			</Target>
			<Target title="RPG">
				<Option output="/home/nathanial/Workspace/RPG/RPG" prefix_auto="0" extension_auto="0"/>
				<Option working_dir="/home/nathanial/Workspace/RPG"/>
				<Option object_output="./"/>
				<Option type="1"/>
				<Option compiler="clang"/>
				<Compiler>
					<Add directory="/home/nathanial/Workspace/RPG/include"/>
					<Add directory="/home/nathanial/Workspace/RPG/src"/>
					<Add directory="/home/nathanial/Workspace/RPG/src/Components"/>
					<Add directory="/home/nathanial/Workspace/RPG/src/Debug"/>
					<Add directory="/home/nathanial/Workspace/RPG/src/Game"/>
					<Add directory="/home/nathanial/Workspace/RPG/src/Graphics"/>
					<Add directory="/home/nathanial/Workspace/RPG/src/Input"/>
					<Add directory="/home/nathanial/Workspace/RPG/src/Maps"/>
					<Add directory="/home/nathanial/Workspace/RPG/src/Objects/Components"/>
					<Add directory="/home/nathanial/Workspace/RPG/src/Objects/unit_control"/>
					<Add directory="/home/nathanial/Workspace/RPG/src/Objects/equip_unit"/>
					<Add directory="/home/nathanial/Workspace/RPG/src/Objects"/>
					<Add directory="/home/nathanial/Workspace/RPG/src/Sounds"/>
					<Add directory="/home/nathanial/Workspace/RPG/src/SQLite"/>
					<Add directory="/home/nathanial/Workspace/RPG/src/UI"/>
					<Add directory="/home/nathanial/Workspace/RPG/src/Utils"/>
					<Add directory="/home/nathanial/Workspace/RPG/src/Video"/>
					<Add directory="/home/nathanial/Workspace/RPG/src/Audio"/>
					<Add directory="/home/nathanial/Workspace/RPG/src/Spells"/>
					<Add directory="/usr/bin/../lib/gcc/x86_64-linux-gnu/12/../../../../include/c++/12"/>
					<Add directory="/usr/bin/../lib/gcc/x86_64-linux-gnu/12/../../../../include/x86_64-linux-gnu/c++/12"/>
					<Add directory="/usr/bin/../lib/gcc/x86_64-linux-gnu/12/../../../../include/c++/12/backward"/>
					<Add directory="/usr/lib/llvm-14/lib/clang/14.0.0/include"/>
					<Add directory="/usr/local/include"/>
					<Add directory="/usr/include/x86_64-linux-gnu"/>
					<Add directory="/usr/include"/>
					<Add directory="/usr/lib/gcc/x86_64-linux-gnu/11/include"/>
				</Compiler>
				<MakeCommands>
					<Build command="/usr/bin/gmake -j8 -f &quot;/home/nathanial/Workspace/RPG/Makefile&quot;  VERBOSE=1 RPG"/>
					<CompileFile command="/usr/bin/gmake -j8 -f &quot;/home/nathanial/Workspace/RPG/Makefile&quot;  VERBOSE=1 &quot;$file&quot;"/>
					<Clean command="/usr/bin/gmake -j8 -f &quot;/home/nathanial/Workspace/RPG/Makefile&quot;  VERBOSE=1 clean"/>
					<DistClean command="/usr/bin/gmake -j8 -f &quot;/home/nathanial/Workspace/RPG/Makefile&quot;  VERBOSE=1 clean"/>
				</MakeCommands>
			</Target>
			<Target title="RPG/fast">
				<Option output="/home/nathanial/Workspace/RPG/RPG" prefix_auto="0" extension_auto="0"/>
				<Option working_dir="/home/nathanial/Workspace/RPG"/>
				<Option object_output="./"/>
				<Option type="1"/>
				<Option compiler="clang"/>
				<Compiler>
					<Add directory="/home/nathanial/Workspace/RPG/include"/>
					<Add directory="/home/nathanial/Workspace/RPG/src"/>
					<Add directory="/home/nathanial/Workspace/RPG/src/Components"/>
					<Add directory="/home/nathanial/Workspace/RPG/src/Debug"/>
					<Add directory="/home/nathanial/Workspace/RPG/src/Game"/>
					<Add directory="/home/nathanial/Workspace/RPG/src/Graphics"/>
					<Add directory="/home/nathanial/Workspace/RPG/src/Input"/>
					<Add directory="/home/nathanial/Workspace/RPG/src/Maps"/>
					<Add directory="/home/nathanial/Workspace/RPG/src/Objects/Components"/>
					<Add directory="/home/nathanial/Workspace/RPG/src/Objects/unit_control"/>
					<Add directory="/home/nathanial/Workspace/RPG/src/Objects/equip_unit"/>
					<Add directory="/home/nathanial/Workspace/RPG/src/Objects"/>
					<Add directory="/home/nathanial/Workspace/RPG/src/Sounds"/>
					<Add directory="/home/nathanial/Workspace/RPG/src/SQLite"/>
					<Add directory="/home/nathanial/Workspace/RPG/src/UI"/>
					<Add directory="/home/nathanial/Workspace/RPG/src/Utils"/>
					<Add directory="/home/nathanial/Workspace/RPG/src/Video"/>
					<Add directory="/home/nathanial/Workspace/RPG/src/Audio"/>
					<Add directory="/home/nathanial/Workspace/RPG/src/Spells"/>
					<Add directory="/usr/bin/../lib/gcc/x86_64-linux-gnu/12/../../../../include/c++/12"/>
					<Add directory="/usr/bin/../lib/gcc/x86_64-linux-gnu/12/../../../../include/x86_64-linux-gnu/c++/12"/>
					<Add directory="/usr/bin/../lib/gcc/x86_64-linux-gnu/12/../../../../include/c++/12/backward"/>
					<Add directory="/usr/lib/llvm-14/lib/clang/14.0.0/include"/>
					<Add directory="/usr/local/include"/>
					<Add directory="/usr/include/x86_64-linux-gnu"/>
					<Add directory="/usr/include"/>
					<Add directory="/usr/lib/gcc/x86_64-linux-gnu/11/include"/>
				</Compiler>
				<MakeCommands>
					<Build command="/usr/bin/gmake -j8 -f &quot;/home/nathanial/Workspace/RPG/Makefile&quot;  VERBOSE=1 RPG/fast"/>
					<CompileFile command="/usr/bin/gmake -j8 -f &quot;/home/nathanial/Workspace/RPG/Makefile&quot;  VERBOSE=1 &quot;$file&quot;"/>
					<Clean command="/usr/bin/gmake -j8 -f &quot;/home/nathanial/Workspace/RPG/Makefile&quot;  VERBOSE=1 clean"/>
					<DistClean command="/usr/bin/gmake -j8 -f &quot;/home/nathanial/Workspace/RPG/Makefile&quot;  VERBOSE=1 clean"/>
				</MakeCommands>
			</Target>
			<Target title="edit_cache">
				<Option working_dir="/home/nathanial/Workspace/RPG"/>
				<Option type="4"/>
				<MakeCommands>
					<Build command="/usr/bin/gmake -j8 -f &quot;/home/nathanial/Workspace/RPG/Makefile&quot;  VERBOSE=1 edit_cache"/>
					<CompileFile command="/usr/bin/gmake -j8 -f &quot;/home/nathanial/Workspace/RPG/Makefile&quot;  VERBOSE=1 &quot;$file&quot;"/>
					<Clean command="/usr/bin/gmake -j8 -f &quot;/home/nathanial/Workspace/RPG/Makefile&quot;  VERBOSE=1 clean"/>
					<DistClean command="/usr/bin/gmake -j8 -f &quot;/home/nathanial/Workspace/RPG/Makefile&quot;  VERBOSE=1 clean"/>
				</MakeCommands>
			</Target>
			<Target title="rebuild_cache">
				<Option working_dir="/home/nathanial/Workspace/RPG"/>
				<Option type="4"/>
				<MakeCommands>
					<Build command="/usr/bin/gmake -j8 -f &quot;/home/nathanial/Workspace/RPG/Makefile&quot;  VERBOSE=1 rebuild_cache"/>
					<CompileFile command="/usr/bin/gmake -j8 -f &quot;/home/nathanial/Workspace/RPG/Makefile&quot;  VERBOSE=1 &quot;$file&quot;"/>
					<Clean command="/usr/bin/gmake -j8 -f &quot;/home/nathanial/Workspace/RPG/Makefile&quot;  VERBOSE=1 clean"/>
					<DistClean command="/usr/bin/gmake -j8 -f &quot;/home/nathanial/Workspace/RPG/Makefile&quot;  VERBOSE=1 clean"/>
				</MakeCommands>
			</Target>
		</Build>
		<Unit filename="/home/nathanial/Workspace/RPG/SDL_FontCache.c">
			<Option target="RPG"/>
		</Unit>
		<Unit filename="/home/nathanial/Workspace/RPG/SDL_FontCache.h">
			<Option target="RPG"/>
		</Unit>
		<Unit filename="/home/nathanial/Workspace/RPG/main.cpp">
			<Option target="RPG"/>
		</Unit>
		<Unit filename="/home/nathanial/Workspace/RPG/sqlite3.c">
			<Option target="RPG"/>
		</Unit>
		<Unit filename="/home/nathanial/Workspace/RPG/sqlite3.h">
			<Option target="RPG"/>
		</Unit>
		<Unit filename="/home/nathanial/Workspace/RPG/src/Components/body_components.h">
			<Option target="RPG"/>
		</Unit>
		<Unit filename="/home/nathanial/Workspace/RPG/src/Components/classes.h">
			<Option target="RPG"/>
		</Unit>
		<Unit filename="/home/nathanial/Workspace/RPG/src/Components/components.h">
			<Option target="RPG"/>
		</Unit>
		<Unit filename="/home/nathanial/Workspace/RPG/src/Components/player_components.h">
			<Option target="RPG"/>
		</Unit>
		<Unit filename="/home/nathanial/Workspace/RPG/src/Debug/debug_components.h">
			<Option target="RPG"/>
		</Unit>
		<Unit filename="/home/nathanial/Workspace/RPG/src/Debug/debug_system.h">
			<Option target="RPG"/>
		</Unit>
		<Unit filename="/home/nathanial/Workspace/RPG/src/Game/char_create.h">
			<Option target="RPG"/>
		</Unit>
		<Unit filename="/home/nathanial/Workspace/RPG/src/Game/close.h">
			<Option target="RPG"/>
		</Unit>
		<Unit filename="/home/nathanial/Workspace/RPG/src/Game/game_loop.h">
			<Option target="RPG"/>
		</Unit>
		<Unit filename="/home/nathanial/Workspace/RPG/src/Game/init.h">
			<Option target="RPG"/>
		</Unit>
		<Unit filename="/home/nathanial/Workspace/RPG/src/Game/main_menu.h">
			<Option target="RPG"/>
		</Unit>
		<Unit filename="/home/nathanial/Workspace/RPG/tinyxml2.cpp">
			<Option target="RPG"/>
		</Unit>
		<Unit filename="/home/nathanial/Workspace/RPG/tinyxml2.h">
			<Option target="RPG"/>
		</Unit>
		<Unit filename="/home/nathanial/Workspace/RPG/CMakeLists.txt">
			<Option virtualFolder="CMake Files\"/>
		</Unit>
		<Unit filename="/home/nathanial/Workspace/RPG/src/CMakeLists.txt">
			<Option virtualFolder="CMake Files\src\"/>
		</Unit>
		<Unit filename="/home/nathanial/Workspace/RPG/src/Components/CMakeLists.txt">
			<Option virtualFolder="CMake Files\src\Components\"/>
		</Unit>
		<Unit filename="/home/nathanial/Workspace/RPG/src/Debug/CMakeLists.txt">
			<Option virtualFolder="CMake Files\src\Debug\"/>
		</Unit>
		<Unit filename="/home/nathanial/Workspace/RPG/src/Game/CMakeLists.txt">
			<Option virtualFolder="CMake Files\src\Game\"/>
		</Unit>
		<Unit filename="/home/nathanial/Workspace/RPG/src/Graphics/CMakeLists.txt">
			<Option virtualFolder="CMake Files\src\Graphics\"/>
		</Unit>
		<Unit filename="/home/nathanial/Workspace/RPG/src/Input/CMakeLists.txt">
			<Option virtualFolder="CMake Files\src\Input\"/>
		</Unit>
		<Unit filename="/home/nathanial/Workspace/RPG/src/Maps/CMakeLists.txt">
			<Option virtualFolder="CMake Files\src\Maps\"/>
		</Unit>
		<Unit filename="/home/nathanial/Workspace/RPG/src/Objects/CMakeLists.txt">
			<Option virtualFolder="CMake Files\src\Objects\"/>
		</Unit>
		<Unit filename="/home/nathanial/Workspace/RPG/src/Objects/Components/CMakeLists.txt">
			<Option virtualFolder="CMake Files\src\Objects\Components\"/>
		</Unit>
		<Unit filename="/home/nathanial/Workspace/RPG/src/Objects/unit_control/CMakeLists.txt">
			<Option virtualFolder="CMake Files\src\Objects\unit_control\"/>
		</Unit>
		<Unit filename="/home/nathanial/Workspace/RPG/src/Objects/equip_unit/CMakeLists.txt">
			<Option virtualFolder="CMake Files\src\Objects\equip_unit\"/>
		</Unit>
		<Unit filename="/home/nathanial/Workspace/RPG/src/Sounds/CMakeLists.txt">
			<Option virtualFolder="CMake Files\src\Sounds\"/>
		</Unit>
		<Unit filename="/home/nathanial/Workspace/RPG/src/SQLite/CMakeLists.txt">
			<Option virtualFolder="CMake Files\src\SQLite\"/>
		</Unit>
		<Unit filename="/home/nathanial/Workspace/RPG/src/UI/CMakeLists.txt">
			<Option virtualFolder="CMake Files\src\UI\"/>
		</Unit>
		<Unit filename="/home/nathanial/Workspace/RPG/src/Utils/CMakeLists.txt">
			<Option virtualFolder="CMake Files\src\Utils\"/>
		</Unit>
		<Unit filename="/home/nathanial/Workspace/RPG/src/Video/CMakeLists.txt">
			<Option virtualFolder="CMake Files\src\Video\"/>
		</Unit>
		<Unit filename="/home/nathanial/Workspace/RPG/src/Audio/CMakeLists.txt">
			<Option virtualFolder="CMake Files\src\Audio\"/>
		</Unit>
		<Unit filename="/home/nathanial/Workspace/RPG/src/Spells/CMakeLists.txt">
			<Option virtualFolder="CMake Files\src\Spells\"/>
		</Unit>
	</Project>
</CodeBlocks_project_file>
